# This file is automatically @generated by Cargo.
# It is not intended for manual editing.
version = 4

[[package]]
name = "harbour-rust-ast"
version = "0.1.0"
dependencies = [
 "harbour-rust-lexer",
]

[[package]]
name = "harbour-rust-cli"
version = "0.1.0"

[[package]]
name = "harbour-rust-codegen-c"
version = "0.1.0"
dependencies = [
 "harbour-rust-hir",
 "harbour-rust-ir",
 "harbour-rust-lexer",
 "harbour-rust-parser",
]

[[package]]
name = "harbour-rust-compat"
version = "0.1.0"
dependencies = [
 "harbour-rust-ast",
 "harbour-rust-lexer",
 "harbour-rust-parser",
]

[[package]]
name = "harbour-rust-hir"
version = "0.1.0"
dependencies = [
 "harbour-rust-ast",
 "harbour-rust-lexer",
 "harbour-rust-parser",
]

[[package]]
name = "harbour-rust-ir"
version = "0.1.0"
dependencies = [
 "harbour-rust-hir",
 "harbour-rust-lexer",
 "harbour-rust-parser",
]

[[package]]
name = "harbour-rust-lexer"
version = "0.1.0"

[[package]]
name = "harbour-rust-parser"
version = "0.1.0"
dependencies = [
 "harbour-rust-ast",
 "harbour-rust-lexer",
]

[[package]]
name = "harbour-rust-pp"
version = "0.1.0"

[[package]]
name = "harbour-rust-rdd"
version = "0.1.0"

[[package]]
name = "harbour-rust-runtime"
version = "0.1.0"

[[package]]
name = "harbour-rust-sema"
version = "0.1.0"
dependencies = [
 "harbour-rust-hir",
 "harbour-rust-lexer",
 "harbour-rust-parser",
]

[[package]]
name = "harbour-rust-tests"
version = "0.1.0"
